
Microsoft Visual Studio Solution File, Format Version 12.00
# Visual Studio Version 17
VisualStudioVersion = 17.9.34607.119
MinimumVisualStudioVersion = 10.0.40219.1
Project("{FAE04EC0-301F-11D3-BF4B-00C04F79EFBC}") = "Mission11_Hansen", "Mission11_Hansen\Mission11_Hansen.csproj", "{53983D99-8D5F-4EEE-AFA1-BF76CB2617A9}"
EndProject
Global
	GlobalSection(SolutionConfigurationPlatforms) = preSolution
		Debug|Any CPU = Debug|Any CPU
		Release|Any CPU = Release|Any CPU
	EndGlobalSection
	GlobalSection(ProjectConfigurationPlatforms) = postSolution
		{53983D99-8D5F-4EEE-AFA1-BF76CB2617A9}.Debug|Any CPU.ActiveCfg = Debug|Any CPU
		{53983D99-8D5F-4EEE-AFA1-BF76CB2617A9}.Debug|Any CPU.Build.0 = Debug|Any CPU
		{53983D99-8D5F-4EEE-AFA1-BF76CB2617A9}.Release|Any CPU.ActiveCfg = Release|Any CPU
		{53983D99-8D5F-4EEE-AFA1-BF76CB2617A9}.Release|Any CPU.Build.0 = Release|Any CPU
	EndGlobalSection
	GlobalSection(SolutionProperties) = preSolution
		HideSolutionNode = FALSE
	EndGlobalSection
	GlobalSection(ExtensibilityGlobals) = postSolution
		SolutionGuid = {10AC0605-7942-4736-8305-553EF6F97939}
	EndGlobalSection
EndGlobal
